{
  "name": "livedash-v28-widgetify-extension",
  "version": "28.0.0",
  "lockfileVersion": 3,
  "requires": true,
  "packages": {
    "": {
      "name": "livedash-v28-widgetify-extension",
      "version": "28.0.0",
      "license": "MIT",
      "devDependencies": {
        "typescript": "^5.9.3"
      }
    }
  }
}